
Microsoft Visual Studio Solution File, Format Version 12.00
# Visual Studio Version 17
VisualStudioVersion = 17.5.33424.131
MinimumVisualStudioVersion = 10.0.40219.1
Project("{9A19103F-16F7-4668-BE54-9A1E7A4F7556}") = "Libreria", "Libreria\Libreria.csproj", "{66E3B7C6-117E-45E9-B2D4-92FAE3DA16EE}"
EndProject
Project("{9A19103F-16F7-4668-BE54-9A1E7A4F7556}") = "LibreriaMSTest", "LibreriaMSTest\LibreriaMSTest.csproj", "{44BA92E0-9AE8-4328-BAD9-AB5D86C3E3BF}"
EndProject
Project("{9A19103F-16F7-4668-BE54-9A1E7A4F7556}") = "LibreriaNUnitTest", "LibreriaNUnitTest\LibreriaNUnitTest.csproj", "{1A253616-93BE-4A98-8C9C-192E40280E06}"
EndProject
Project("{FAE04EC0-301F-11D3-BF4B-00C04F79EFBC}") = "LibreriaXUnitTest", "LibreriaXUnitTest\LibreriaXUnitTest.csproj", "{A0D0F3BD-4519-4A53-B29D-615DDC53B692}"
EndProject
Global
	GlobalSection(SolutionConfigurationPlatforms) = preSolution
		Debug|Any CPU = Debug|Any CPU
		Release|Any CPU = Release|Any CPU
	EndGlobalSection
	GlobalSection(ProjectConfigurationPlatforms) = postSolution
		{66E3B7C6-117E-45E9-B2D4-92FAE3DA16EE}.Debug|Any CPU.ActiveCfg = Debug|Any CPU
		{66E3B7C6-117E-45E9-B2D4-92FAE3DA16EE}.Debug|Any CPU.Build.0 = Debug|Any CPU
		{66E3B7C6-117E-45E9-B2D4-92FAE3DA16EE}.Release|Any CPU.ActiveCfg = Release|Any CPU
		{66E3B7C6-117E-45E9-B2D4-92FAE3DA16EE}.Release|Any CPU.Build.0 = Release|Any CPU
		{44BA92E0-9AE8-4328-BAD9-AB5D86C3E3BF}.Debug|Any CPU.ActiveCfg = Debug|Any CPU
		{44BA92E0-9AE8-4328-BAD9-AB5D86C3E3BF}.Debug|Any CPU.Build.0 = Debug|Any CPU
		{44BA92E0-9AE8-4328-BAD9-AB5D86C3E3BF}.Release|Any CPU.ActiveCfg = Release|Any CPU
		{44BA92E0-9AE8-4328-BAD9-AB5D86C3E3BF}.Release|Any CPU.Build.0 = Release|Any CPU
		{1A253616-93BE-4A98-8C9C-192E40280E06}.Debug|Any CPU.ActiveCfg = Debug|Any CPU
		{1A253616-93BE-4A98-8C9C-192E40280E06}.Debug|Any CPU.Build.0 = Debug|Any CPU
		{1A253616-93BE-4A98-8C9C-192E40280E06}.Release|Any CPU.ActiveCfg = Release|Any CPU
		{1A253616-93BE-4A98-8C9C-192E40280E06}.Release|Any CPU.Build.0 = Release|Any CPU
		{A0D0F3BD-4519-4A53-B29D-615DDC53B692}.Debug|Any CPU.ActiveCfg = Debug|Any CPU
		{A0D0F3BD-4519-4A53-B29D-615DDC53B692}.Debug|Any CPU.Build.0 = Debug|Any CPU
		{A0D0F3BD-4519-4A53-B29D-615DDC53B692}.Release|Any CPU.ActiveCfg = Release|Any CPU
		{A0D0F3BD-4519-4A53-B29D-615DDC53B692}.Release|Any CPU.Build.0 = Release|Any CPU
	EndGlobalSection
	GlobalSection(SolutionProperties) = preSolution
		HideSolutionNode = FALSE
	EndGlobalSection
	GlobalSection(ExtensibilityGlobals) = postSolution
		SolutionGuid = {B9D83482-A5D8-4734-A77C-DEC9D497F83D}
	EndGlobalSection
EndGlobal
